{
  "nodes": {
    "nixpkgs": {
      "locked": {
        "lastModified": 1624017550,
        "narHash": "sha256-o4s2kVehpOGB/tlLy3+KXw64wOAisyJZ/7eusDhqGiY=",
        "owner": "NixOS",
        "repo": "nixpkgs",
        "rev": "3b6c3bee9174dfe56fd0e586449457467abe7116",
        "type": "github"
      },
      "original": {
        "owner": "NixOS",
        "repo": "nixpkgs",
        "rev": "3b6c3bee9174dfe56fd0e586449457467abe7116",
        "type": "github"
      }
    },
    "root": {
      "inputs": {
        "nixpkgs": "nixpkgs"
      }
    }
  },
  "root": "root",
  "version": 7
}
